
Microsoft Visual Studio Solution File, Format Version 12.00
# Visual Studio Version 16
VisualStudioVersion = 16.0.30523.141
MinimumVisualStudioVersion = 10.0.40219.1
Project("{8BC9CEB8-8B4A-11D0-8D11-00A0C91BC942}") = "Sorts", "Sorts\Sorts.vcxproj", "{7DC053FC-B498-44B5-BDF0-055E4B69B588}"
EndProject
Project("{8BC9CEB8-8B4A-11D0-8D11-00A0C91BC942}") = "TaylorApproximate", "TaylorApproximate\TaylorApproximate.vcxproj", "{29002146-4F27-4350-9B7F-8F5A2BD2C176}"
EndProject
Global
	GlobalSection(SolutionConfigurationPlatforms) = preSolution
		Debug|x64 = Debug|x64
		Debug|x86 = Debug|x86
		Release|x64 = Release|x64
		Release|x86 = Release|x86
	EndGlobalSection
	GlobalSection(ProjectConfigurationPlatforms) = postSolution
		{7DC053FC-B498-44B5-BDF0-055E4B69B588}.Debug|x64.ActiveCfg = Debug|x64
		{7DC053FC-B498-44B5-BDF0-055E4B69B588}.Debug|x64.Build.0 = Debug|x64
		{7DC053FC-B498-44B5-BDF0-055E4B69B588}.Debug|x86.ActiveCfg = Debug|Win32
		{7DC053FC-B498-44B5-BDF0-055E4B69B588}.Debug|x86.Build.0 = Debug|Win32
		{7DC053FC-B498-44B5-BDF0-055E4B69B588}.Release|x64.ActiveCfg = Release|x64
		{7DC053FC-B498-44B5-BDF0-055E4B69B588}.Release|x64.Build.0 = Release|x64
		{7DC053FC-B498-44B5-BDF0-055E4B69B588}.Release|x86.ActiveCfg = Release|Win32
		{7DC053FC-B498-44B5-BDF0-055E4B69B588}.Release|x86.Build.0 = Release|Win32
		{29002146-4F27-4350-9B7F-8F5A2BD2C176}.Debug|x64.ActiveCfg = Debug|x64
		{29002146-4F27-4350-9B7F-8F5A2BD2C176}.Debug|x64.Build.0 = Debug|x64
		{29002146-4F27-4350-9B7F-8F5A2BD2C176}.Debug|x86.ActiveCfg = Debug|Win32
		{29002146-4F27-4350-9B7F-8F5A2BD2C176}.Debug|x86.Build.0 = Debug|Win32
		{29002146-4F27-4350-9B7F-8F5A2BD2C176}.Release|x64.ActiveCfg = Release|x64
		{29002146-4F27-4350-9B7F-8F5A2BD2C176}.Release|x64.Build.0 = Release|x64
		{29002146-4F27-4350-9B7F-8F5A2BD2C176}.Release|x86.ActiveCfg = Release|Win32
		{29002146-4F27-4350-9B7F-8F5A2BD2C176}.Release|x86.Build.0 = Release|Win32
	EndGlobalSection
	GlobalSection(SolutionProperties) = preSolution
		HideSolutionNode = FALSE
	EndGlobalSection
	GlobalSection(ExtensibilityGlobals) = postSolution
		SolutionGuid = {BBDAA3E4-78E5-44A9-AA38-EC0C3EA56281}
	EndGlobalSection
EndGlobal
